
Microsoft Visual Studio Solution File, Format Version 12.00
# Visual Studio Version 16
VisualStudioVersion = 16.0.29503.13
MinimumVisualStudioVersion = 10.0.40219.1
Project("{FAE04EC0-301F-11D3-BF4B-00C04F79EFBC}") = "Desktop", "EventCaveDesktop\Desktop.csproj", "{E39F582B-6F61-4C64-9548-E0A554984A28}"
EndProject
Project("{FAE04EC0-301F-11D3-BF4B-00C04F79EFBC}") = "Resources", "Resources\Resources.csproj", "{2530F687-8CB6-4A0E-94FF-46B59AF44F3D}"
EndProject
Global
	GlobalSection(SolutionConfigurationPlatforms) = preSolution
		Debug|Any CPU = Debug|Any CPU
		Release|Any CPU = Release|Any CPU
	EndGlobalSection
	GlobalSection(ProjectConfigurationPlatforms) = postSolution
		{E39F582B-6F61-4C64-9548-E0A554984A28}.Debug|Any CPU.ActiveCfg = Debug|Any CPU
		{E39F582B-6F61-4C64-9548-E0A554984A28}.Debug|Any CPU.Build.0 = Debug|Any CPU
		{E39F582B-6F61-4C64-9548-E0A554984A28}.Release|Any CPU.ActiveCfg = Release|Any CPU
		{E39F582B-6F61-4C64-9548-E0A554984A28}.Release|Any CPU.Build.0 = Release|Any CPU
		{2530F687-8CB6-4A0E-94FF-46B59AF44F3D}.Debug|Any CPU.ActiveCfg = Debug|Any CPU
		{2530F687-8CB6-4A0E-94FF-46B59AF44F3D}.Debug|Any CPU.Build.0 = Debug|Any CPU
		{2530F687-8CB6-4A0E-94FF-46B59AF44F3D}.Release|Any CPU.ActiveCfg = Release|Any CPU
		{2530F687-8CB6-4A0E-94FF-46B59AF44F3D}.Release|Any CPU.Build.0 = Release|Any CPU
	EndGlobalSection
	GlobalSection(SolutionProperties) = preSolution
		HideSolutionNode = FALSE
	EndGlobalSection
	GlobalSection(ExtensibilityGlobals) = postSolution
		SolutionGuid = {43C2E4E7-2B2C-4B67-91F4-7649631F44E6}
	EndGlobalSection
EndGlobal
